
Microsoft Visual Studio Solution File, Format Version 12.00
# Visual Studio Version 16
VisualStudioVersion = 16.0.30204.135
MinimumVisualStudioVersion = 10.0.40219.1
Project("{9A19103F-16F7-4668-BE54-9A1E7A4F7556}") = "CallForCode", "CallForCode\CallForCode.API\CallForCode.csproj", "{5D893EE7-393D-4694-98B4-B162E9C96857}"
EndProject
Global
	GlobalSection(SolutionConfigurationPlatforms) = preSolution
		Debug|Any CPU = Debug|Any CPU
		Release|Any CPU = Release|Any CPU
	EndGlobalSection
	GlobalSection(ProjectConfigurationPlatforms) = postSolution
		{5D893EE7-393D-4694-98B4-B162E9C96857}.Debug|Any CPU.ActiveCfg = Debug|Any CPU
		{5D893EE7-393D-4694-98B4-B162E9C96857}.Debug|Any CPU.Build.0 = Debug|Any CPU
		{5D893EE7-393D-4694-98B4-B162E9C96857}.Release|Any CPU.ActiveCfg = Release|Any CPU
		{5D893EE7-393D-4694-98B4-B162E9C96857}.Release|Any CPU.Build.0 = Release|Any CPU
	EndGlobalSection
	GlobalSection(SolutionProperties) = preSolution
		HideSolutionNode = FALSE
	EndGlobalSection
	GlobalSection(ExtensibilityGlobals) = postSolution
		SolutionGuid = {718AFA31-F560-427C-BD28-D9AA94722E4D}
	EndGlobalSection
EndGlobal
